Microsoft Visual Studio Solution File, Format Version 9.00
# Visual Studio 2005
Project("{FAE04EC0-301F-11D3-BF4B-00C04F79EFBC}") = "Singleton", "Singleton\Singleton.csproj", "{AEF4CCAC-FAA5-41E5-A7AF-2542FD6314F0}"
EndProject
Project("{FAE04EC0-301F-11D3-BF4B-00C04F79EFBC}") = "Observer", "Observer\Observer.csproj", "{42FBB755-E1A8-4989-91B0-C63943C6DCAE}"
EndProject
Project("{FAE04EC0-301F-11D3-BF4B-00C04F79EFBC}") = "TemplateMethod", "TemplateMethod\TemplateMethod.csproj", "{A0E5EF71-F11D-4B08-A6D4-1DDC76A96B81}"
EndProject
Project("{FAE04EC0-301F-11D3-BF4B-00C04F79EFBC}") = "Strategy", "Strategy\Strategy.csproj", "{FB2F1F10-A446-4B28-A960-E448E9ED7842}"
EndProject
Project("{FAE04EC0-301F-11D3-BF4B-00C04F79EFBC}") = "ChainOfResponsibility", "ChainOfResponsibility\ChainOfResponsibility.csproj", "{1962A735-31A9-4E84-A490-4261B9EA203E}"
EndProject
Project("{FAE04EC0-301F-11D3-BF4B-00C04F79EFBC}") = "AbstractFactory", "AbstractFactory\AbstractFactory.csproj", "{A7E17B9E-83E6-4517-962D-41871EFB2EC5}"
EndProject
Project("{FAE04EC0-301F-11D3-BF4B-00C04F79EFBC}") = "FactoryMethod", "FactoryMethod\FactoryMethod.csproj", "{53D07E3B-C7C9-4CD7-8531-B26D9E3F6522}"
EndProject
Project("{FAE04EC0-301F-11D3-BF4B-00C04F79EFBC}") = "ProxySurrogate", "Proxy\ProxySurrogate.csproj", "{BD99FFC4-945A-4647-BC91-1CFF42E594D7}"
EndProject
Project("{FAE04EC0-301F-11D3-BF4B-00C04F79EFBC}") = "ProxyRemoteServer", "ProxyRemote\ProxyRemoteServer.csproj", "{DC96C8A6-3539-495B-A22F-EC2C3EBA84D1}"
EndProject
Project("{FAE04EC0-301F-11D3-BF4B-00C04F79EFBC}") = "ProxyRemoteClient", "ProxyRemoteClient\ProxyRemoteClient.csproj", "{B9B25815-7913-482C-AC37-4C5F67117665}"
EndProject
Project("{FAE04EC0-301F-11D3-BF4B-00C04F79EFBC}") = "Adapter", "Adapter\Adapter.csproj", "{93C70A85-B08F-4C11-A635-723619E5B74B}"
EndProject
Project("{FAE04EC0-301F-11D3-BF4B-00C04F79EFBC}") = "Composite", "Composite\Composite.csproj", "{9471C5CA-3CA9-4D22-9E09-4D78194D4D93}"
EndProject
Project("{FAE04EC0-301F-11D3-BF4B-00C04F79EFBC}") = "Facade", "Facade\Facade.csproj", "{86F2CA51-84EE-4F82-911F-92F1EE0D19D9}"
EndProject
Project("{FAE04EC0-301F-11D3-BF4B-00C04F79EFBC}") = "MVC", "MVC\MVC.csproj", "{0F59EC18-BC84-40AB-A642-F687D8683F61}"
EndProject
Project("{2150E333-8FDC-42A3-9474-1A3956D46DE8}") = "Chapter09", "Chapter09", "{66917B2D-D2B2-41FB-BE10-F70B49720EE7}"
EndProject
Project("{2150E333-8FDC-42A3-9474-1A3956D46DE8}") = "Chapter10", "Chapter10", "{34044783-3F31-4BB8-A8EE-6A14D7479C68}"
EndProject
Project("{2150E333-8FDC-42A3-9474-1A3956D46DE8}") = "Chapter11", "Chapter11", "{A50217ED-65BA-469B-A97C-A98F3129BDB2}"
EndProject
Project("{2150E333-8FDC-42A3-9474-1A3956D46DE8}") = "Chapter12", "Chapter12", "{86B04060-22C2-4800-909A-9AE520D79206}"
EndProject
Project("{2150E333-8FDC-42A3-9474-1A3956D46DE8}") = "README", "README", "{A3F8344A-3398-4CD2-914E-2EF6C2E9C258}"
	ProjectSection(SolutionItems) = preProject
		README.txt = README.txt
	EndProjectSection
EndProject
Global
	GlobalSection(SolutionConfigurationPlatforms) = preSolution
		Debug|Any CPU = Debug|Any CPU
		Release|Any CPU = Release|Any CPU
	EndGlobalSection
	GlobalSection(ProjectConfigurationPlatforms) = postSolution
		{AEF4CCAC-FAA5-41E5-A7AF-2542FD6314F0}.Debug|Any CPU.ActiveCfg = Debug|Any CPU
		{AEF4CCAC-FAA5-41E5-A7AF-2542FD6314F0}.Debug|Any CPU.Build.0 = Debug|Any CPU
		{AEF4CCAC-FAA5-41E5-A7AF-2542FD6314F0}.Release|Any CPU.ActiveCfg = Release|Any CPU
		{AEF4CCAC-FAA5-41E5-A7AF-2542FD6314F0}.Release|Any CPU.Build.0 = Release|Any CPU
		{42FBB755-E1A8-4989-91B0-C63943C6DCAE}.Debug|Any CPU.ActiveCfg = Debug|Any CPU
		{42FBB755-E1A8-4989-91B0-C63943C6DCAE}.Debug|Any CPU.Build.0 = Debug|Any CPU
		{42FBB755-E1A8-4989-91B0-C63943C6DCAE}.Release|Any CPU.ActiveCfg = Release|Any CPU
		{42FBB755-E1A8-4989-91B0-C63943C6DCAE}.Release|Any CPU.Build.0 = Release|Any CPU
		{A0E5EF71-F11D-4B08-A6D4-1DDC76A96B81}.Debug|Any CPU.ActiveCfg = Debug|Any CPU
		{A0E5EF71-F11D-4B08-A6D4-1DDC76A96B81}.Debug|Any CPU.Build.0 = Debug|Any CPU
		{A0E5EF71-F11D-4B08-A6D4-1DDC76A96B81}.Release|Any CPU.ActiveCfg = Release|Any CPU
		{A0E5EF71-F11D-4B08-A6D4-1DDC76A96B81}.Release|Any CPU.Build.0 = Release|Any CPU
		{FB2F1F10-A446-4B28-A960-E448E9ED7842}.Debug|Any CPU.ActiveCfg = Debug|Any CPU
		{FB2F1F10-A446-4B28-A960-E448E9ED7842}.Debug|Any CPU.Build.0 = Debug|Any CPU
		{FB2F1F10-A446-4B28-A960-E448E9ED7842}.Release|Any CPU.ActiveCfg = Release|Any CPU
		{FB2F1F10-A446-4B28-A960-E448E9ED7842}.Release|Any CPU.Build.0 = Release|Any CPU
		{1962A735-31A9-4E84-A490-4261B9EA203E}.Debug|Any CPU.ActiveCfg = Debug|Any CPU
		{1962A735-31A9-4E84-A490-4261B9EA203E}.Debug|Any CPU.Build.0 = Debug|Any CPU
		{1962A735-31A9-4E84-A490-4261B9EA203E}.Release|Any CPU.ActiveCfg = Release|Any CPU
		{1962A735-31A9-4E84-A490-4261B9EA203E}.Release|Any CPU.Build.0 = Release|Any CPU
		{A7E17B9E-83E6-4517-962D-41871EFB2EC5}.Debug|Any CPU.ActiveCfg = Debug|Any CPU
		{A7E17B9E-83E6-4517-962D-41871EFB2EC5}.Debug|Any CPU.Build.0 = Debug|Any CPU
		{A7E17B9E-83E6-4517-962D-41871EFB2EC5}.Release|Any CPU.ActiveCfg = Release|Any CPU
		{A7E17B9E-83E6-4517-962D-41871EFB2EC5}.Release|Any CPU.Build.0 = Release|Any CPU
		{53D07E3B-C7C9-4CD7-8531-B26D9E3F6522}.Debug|Any CPU.ActiveCfg = Debug|Any CPU
		{53D07E3B-C7C9-4CD7-8531-B26D9E3F6522}.Debug|Any CPU.Build.0 = Debug|Any CPU
		{53D07E3B-C7C9-4CD7-8531-B26D9E3F6522}.Release|Any CPU.ActiveCfg = Release|Any CPU
		{53D07E3B-C7C9-4CD7-8531-B26D9E3F6522}.Release|Any CPU.Build.0 = Release|Any CPU
		{BD99FFC4-945A-4647-BC91-1CFF42E594D7}.Debug|Any CPU.ActiveCfg = Debug|Any CPU
		{BD99FFC4-945A-4647-BC91-1CFF42E594D7}.Debug|Any CPU.Build.0 = Debug|Any CPU
		{BD99FFC4-945A-4647-BC91-1CFF42E594D7}.Release|Any CPU.ActiveCfg = Release|Any CPU
		{BD99FFC4-945A-4647-BC91-1CFF42E594D7}.Release|Any CPU.Build.0 = Release|Any CPU
		{DC96C8A6-3539-495B-A22F-EC2C3EBA84D1}.Debug|Any CPU.ActiveCfg = Debug|Any CPU
		{DC96C8A6-3539-495B-A22F-EC2C3EBA84D1}.Debug|Any CPU.Build.0 = Debug|Any CPU
		{DC96C8A6-3539-495B-A22F-EC2C3EBA84D1}.Release|Any CPU.ActiveCfg = Release|Any CPU
		{DC96C8A6-3539-495B-A22F-EC2C3EBA84D1}.Release|Any CPU.Build.0 = Release|Any CPU
		{B9B25815-7913-482C-AC37-4C5F67117665}.Debug|Any CPU.ActiveCfg = Debug|Any CPU
		{B9B25815-7913-482C-AC37-4C5F67117665}.Debug|Any CPU.Build.0 = Debug|Any CPU
		{B9B25815-7913-482C-AC37-4C5F67117665}.Release|Any CPU.ActiveCfg = Release|Any CPU
		{B9B25815-7913-482C-AC37-4C5F67117665}.Release|Any CPU.Build.0 = Release|Any CPU
		{93C70A85-B08F-4C11-A635-723619E5B74B}.Debug|Any CPU.ActiveCfg = Debug|Any CPU
		{93C70A85-B08F-4C11-A635-723619E5B74B}.Debug|Any CPU.Build.0 = Debug|Any CPU
		{93C70A85-B08F-4C11-A635-723619E5B74B}.Release|Any CPU.ActiveCfg = Release|Any CPU
		{93C70A85-B08F-4C11-A635-723619E5B74B}.Release|Any CPU.Build.0 = Release|Any CPU
		{9471C5CA-3CA9-4D22-9E09-4D78194D4D93}.Debug|Any CPU.ActiveCfg = Debug|Any CPU
		{9471C5CA-3CA9-4D22-9E09-4D78194D4D93}.Debug|Any CPU.Build.0 = Debug|Any CPU
		{9471C5CA-3CA9-4D22-9E09-4D78194D4D93}.Release|Any CPU.ActiveCfg = Release|Any CPU
		{9471C5CA-3CA9-4D22-9E09-4D78194D4D93}.Release|Any CPU.Build.0 = Release|Any CPU
		{86F2CA51-84EE-4F82-911F-92F1EE0D19D9}.Debug|Any CPU.ActiveCfg = Debug|Any CPU
		{86F2CA51-84EE-4F82-911F-92F1EE0D19D9}.Debug|Any CPU.Build.0 = Debug|Any CPU
		{86F2CA51-84EE-4F82-911F-92F1EE0D19D9}.Release|Any CPU.ActiveCfg = Release|Any CPU
		{86F2CA51-84EE-4F82-911F-92F1EE0D19D9}.Release|Any CPU.Build.0 = Release|Any CPU
		{0F59EC18-BC84-40AB-A642-F687D8683F61}.Debug|Any CPU.ActiveCfg = Debug|Any CPU
		{0F59EC18-BC84-40AB-A642-F687D8683F61}.Debug|Any CPU.Build.0 = Debug|Any CPU
		{0F59EC18-BC84-40AB-A642-F687D8683F61}.Release|Any CPU.ActiveCfg = Release|Any CPU
		{0F59EC18-BC84-40AB-A642-F687D8683F61}.Release|Any CPU.Build.0 = Release|Any CPU
	EndGlobalSection
	GlobalSection(SolutionProperties) = preSolution
		HideSolutionNode = FALSE
	EndGlobalSection
	GlobalSection(NestedProjects) = preSolution
		{0F59EC18-BC84-40AB-A642-F687D8683F61} = {66917B2D-D2B2-41FB-BE10-F70B49720EE7}
		{A7E17B9E-83E6-4517-962D-41871EFB2EC5} = {34044783-3F31-4BB8-A8EE-6A14D7479C68}
		{53D07E3B-C7C9-4CD7-8531-B26D9E3F6522} = {34044783-3F31-4BB8-A8EE-6A14D7479C68}
		{AEF4CCAC-FAA5-41E5-A7AF-2542FD6314F0} = {34044783-3F31-4BB8-A8EE-6A14D7479C68}
		{B9B25815-7913-482C-AC37-4C5F67117665} = {A50217ED-65BA-469B-A97C-A98F3129BDB2}
		{DC96C8A6-3539-495B-A22F-EC2C3EBA84D1} = {A50217ED-65BA-469B-A97C-A98F3129BDB2}
		{BD99FFC4-945A-4647-BC91-1CFF42E594D7} = {A50217ED-65BA-469B-A97C-A98F3129BDB2}
		{93C70A85-B08F-4C11-A635-723619E5B74B} = {A50217ED-65BA-469B-A97C-A98F3129BDB2}
		{9471C5CA-3CA9-4D22-9E09-4D78194D4D93} = {A50217ED-65BA-469B-A97C-A98F3129BDB2}
		{86F2CA51-84EE-4F82-911F-92F1EE0D19D9} = {A50217ED-65BA-469B-A97C-A98F3129BDB2}
		{A0E5EF71-F11D-4B08-A6D4-1DDC76A96B81} = {86B04060-22C2-4800-909A-9AE520D79206}
		{FB2F1F10-A446-4B28-A960-E448E9ED7842} = {86B04060-22C2-4800-909A-9AE520D79206}
		{42FBB755-E1A8-4989-91B0-C63943C6DCAE} = {86B04060-22C2-4800-909A-9AE520D79206}
		{1962A735-31A9-4E84-A490-4261B9EA203E} = {86B04060-22C2-4800-909A-9AE520D79206}
	EndGlobalSection
EndGlobal
